// !$*UTF8*$!
{
	archiveVersion = 1;
	classes = {
	};
	objectVersion = 56;
	objects = {

/* Begin PBXBuildFile section */
		C0A405602A8226DF00C7C1CE /* AppDelegate.swift in Sources */ = {isa = PBXBuildFile; fileRef = C0A4055F2A8226DF00C7C1CE /* AppDelegate.swift */; };
		C0A405622A8226DF00C7C1CE /* SceneDelegate.swift in Sources */ = {isa = PBXBuildFile; fileRef = C0A405612A8226DF00C7C1CE /* SceneDelegate.swift */; };
		C0A405642A8226DF00C7C1CE /* ViewController.swift in Sources */ = {isa = PBXBuildFile; fileRef = C0A405632A8226DF00C7C1CE /* ViewController.swift */; };
		C0A405672A8226DF00C7C1CE /* Main.storyboard in Resources */ = {isa = PBXBuildFile; fileRef = C0A405652A8226DF00C7C1CE /* Main.storyboard */; };
		C0A405692A8226E000C7C1CE /* Assets.xcassets in Resources */ = {isa = PBXBuildFile; fileRef = C0A405682A8226E000C7C1CE /* Assets.xcassets */; };
		C0A4056C2A8226E000C7C1CE /* LaunchScreen.storyboard in Resources */ = {isa = PBXBuildFile; fileRef = C0A4056A2A8226E000C7C1CE /* LaunchScreen.storyboard */; };
		C0A405752A82282C00C7C1CE /* Alamofire in Frameworks */ = {isa = PBXBuildFile; productRef = C0A405742A82282C00C7C1CE /* Alamofire */; };
		C0A405782A82283A00C7C1CE /* SwiftyJSON in Frameworks */ = {isa = PBXBuildFile; productRef = C0A405772A82283A00C7C1CE /* SwiftyJSON */; };
		C0A4057B2A82284B00C7C1CE /* Kingfisher in Frameworks */ = {isa = PBXBuildFile; productRef = C0A4057A2A82284B00C7C1CE /* Kingfisher */; };
/* End PBXBuildFile section */

/* Begin PBXFileReference section */
		C0A4055C2A8226DF00C7C1CE /* week4_assignment.app */ = {isa = PBXFileReference; explicitFileType = wrapper.application; includeInIndex = 0; path = week4_assignment.app; sourceTree = BUILT_PRODUCTS_DIR; };
		C0A4055F2A8226DF00C7C1CE /* AppDelegate.swift */ = {isa = PBXFileReference; lastKnownFileType = sourcecode.swift; path = AppDelegate.swift; sourceTree = "<group>"; };
		C0A405612A8226DF00C7C1CE /* SceneDelegate.swift */ = {isa = PBXFileReference; lastKnownFileType = sourcecode.swift; path = SceneDelegate.swift; sourceTree = "<group>"; };
		C0A405632A8226DF00C7C1CE /* ViewController.swift */ = {isa = PBXFileReference; lastKnownFileType = sourcecode.swift; path = ViewController.swift; sourceTree = "<group>"; };
		C0A405662A8226DF00C7C1CE /* Base */ = {isa = PBXFileReference; lastKnownFileType = file.storyboard; name = Base; path = Base.lproj/Main.storyboard; sourceTree = "<group>"; };
		C0A405682A8226E000C7C1CE /* Assets.xcassets */ = {isa = PBXFileReference; lastKnownFileType = folder.assetcatalog; path = Assets.xcassets; sourceTree = "<group>"; };
		C0A4056B2A8226E000C7C1CE /* Base */ = {isa = PBXFileReference; lastKnownFileType = file.storyboard; name = Base; path = Base.lproj/LaunchScreen.storyboard; sourceTree = "<group>"; };
		C0A4056D2A8226E000C7C1CE /* Info.plist */ = {isa = PBXFileReference; lastKnownFileType = text.plist.xml; path = Info.plist; sourceTree = "<group>"; };
/* End PBXFileReference section */

/* Begin PBXFrameworksBuildPhase section */
		C0A405592A8226DF00C7C1CE /* Frameworks */ = {
			isa = PBXFrameworksBuildPhase;
			buildActionMask = 2147483647;
			files = (
				C0A4057B2A82284B00C7C1CE /* Kingfisher in Frameworks */,
				C0A405782A82283A00C7C1CE /* SwiftyJSON in Frameworks */,
				C0A405752A82282C00C7C1CE /* Alamofire in Frameworks */,
			);
			runOnlyForDeploymentPostprocessing = 0;
		};
/* End PBXFrameworksBuildPhase section */

/* Begin PBXGroup section */
		C0A405532A8226DF00C7C1CE = {
			isa = PBXGroup;
			children = (
				C0A4055E2A8226DF00C7C1CE /* week4_assignment */,
				C0A4055D2A8226DF00C7C1CE /* Products */,
			);
			sourceTree = "<group>";
		};
		C0A4055D2A8226DF00C7C1CE /* Products */ = {
			isa = PBXGroup;
			children = (
				C0A4055C2A8226DF00C7C1CE /* week4_assignment.app */,
			);
			name = Products;
			sourceTree = "<group>";
		};
		C0A4055E2A8226DF00C7C1CE /* week4_assignment */ = {
			isa = PBXGroup;
			children = (
				C0A4055F2A8226DF00C7C1CE /* AppDelegate.swift */,
				C0A405612A8226DF00C7C1CE /* SceneDelegate.swift */,
				C0A405632A8226DF00C7C1CE /* ViewController.swift */,
				C0A405652A8226DF00C7C1CE /* Main.storyboard */,
				C0A405682A8226E000C7C1CE /* Assets.xcassets */,
				C0A4056A2A8226E000C7C1CE /* LaunchScreen.storyboard */,
				C0A4056D2A8226E000C7C1CE /* Info.plist */,
			);
			path = week4_assignment;
			sourceTree = "<group>";
		};
/* End PBXGroup section */

/* Begin PBXNativeTarget section */
		C0A4055B2A8226DF00C7C1CE /* week4_assignment */ = {
			isa = PBXNativeTarget;
			buildConfigurationList = C0A405702A8226E000C7C1CE /* Build configuration list for PBXNativeTarget "week4_assignment" */;
			buildPhases = (
				C0A405582A8226DF00C7C1CE /* Sources */,
				C0A405592A8226DF00C7C1CE /* Frameworks */,
				C0A4055A2A8226DF00C7C1CE /* Resources */,
			);
			buildRules = (
			);
			dependencies = (
			);
			name = week4_assignment;
			packageProductDependencies = (
				C0A405742A82282C00C7C1CE /* Alamofire */,
				C0A405772A82283A00C7C1CE /* SwiftyJSON */,
				C0A4057A2A82284B00C7C1CE /* Kingfisher */,
			);
			productName = week4_assignment;
			productReference = C0A4055C2A8226DF00C7C1CE /* week4_assignment.app */;
			productType = "com.apple.product-type.application";
		};
/* End PBXNativeTarget section */

/* Begin PBXProject section */
		C0A405542A8226DF00C7C1CE /* Project object */ = {
			isa = PBXProject;
			attributes = {
				BuildIndependentTargetsInParallel = 1;
				LastSwiftUpdateCheck = 1430;
				LastUpgradeCheck = 1430;
				TargetAttributes = {
					C0A4055B2A8226DF00C7C1CE = {
						CreatedOnToolsVersion = 14.3.1;
					};
				};
			};
			buildConfigurationList = C0A405572A8226DF00C7C1CE /* Build configuration list for PBXProject "week4_assignment" */;
			compatibilityVersion = "Xcode 14.0";
			developmentRegion = en;
			hasScannedForEncodings = 0;
			knownRegions = (
				en,
				Base,
			);
			mainGroup = C0A405532A8226DF00C7C1CE;
			packageReferences = (
				C0A405732A82282C00C7C1CE /* XCRemoteSwiftPackageReference "Alamofire" */,
				C0A405762A82283A00C7C1CE /* XCRemoteSwiftPackageReference "SwiftyJSON" */,
				C0A405792A82284B00C7C1CE /* XCRemoteSwiftPackageReference "Kingfisher" */,
			);
			productRefGroup = C0A4055D2A8226DF00C7C1CE /* Products */;
			projectDirPath = "";
			projectRoot = "";
			targets = (
				C0A4055B2A8226DF00C7C1CE /* week4_assignment */,
			);
		};
/* End PBXProject section */

/* Begin PBXResourcesBuildPhase section */
		C0A4055A2A8226DF00C7C1CE /* Resources */ = {
			isa = PBXResourcesBuildPhase;
			buildActionMask = 2147483647;
			files = (
				C0A4056C2A8226E000C7C1CE /* LaunchScreen.storyboard in Resources */,
				C0A405692A8226E000C7C1CE /* Assets.xcassets in Resources */,
				C0A405672A8226DF00C7C1CE /* Main.storyboard in Resources */,
			);
			runOnlyForDeploymentPostprocessing = 0;
		};
/* End PBXResourcesBuildPhase section */

/* Begin PBXSourcesBuildPhase section */
		C0A405582A8226DF00C7C1CE /* Sources */ = {
			isa = PBXSourcesBuildPhase;
			buildActionMask = 2147483647;
			files = (
				C0A405642A8226DF00C7C1CE /* ViewController.swift in Sources */,
				C0A405602A8226DF00C7C1CE /* AppDelegate.swift in Sources */,
				C0A405622A8226DF00C7C1CE /* SceneDelegate.swift in Sources */,
			);
			runOnlyForDeploymentPostprocessing = 0;
		};
/* End PBXSourcesBuildPhase section */

/* Begin PBXVariantGroup section */
		C0A405652A8226DF00C7C1CE /* Main.storyboard */ = {
			isa = PBXVariantGroup;
			children = (
				C0A405662A8226DF00C7C1CE /* Base */,
			);
			name = Main.storyboard;
			sourceTree = "<group>";
		};
		C0A4056A2A8226E000C7C1CE /* LaunchScreen.storyboard */ = {
			isa = PBXVariantGroup;
			children = (
				C0A4056B2A8226E000C7C1CE /* Base */,
			);
			name = LaunchScreen.storyboard;
			sourceTree = "<group>";
		};
/* End PBXVariantGroup section */

/* Begin XCBuildConfiguration section */
		C0A4056E2A8226E000C7C1CE /* Debug */ = {
			isa = XCBuildConfiguration;
			buildSettings = {
				ALWAYS_SEARCH_USER_PATHS = NO;
				CLANG_ANALYZER_NONNULL = YES;
				CLANG_ANALYZER_NUMBER_OBJECT_CONVERSION = YES_AGGRESSIVE;
				CLANG_CXX_LANGUAGE_STANDARD = "gnu++20";
				CLANG_ENABLE_MODULES = YES;
				CLANG_ENABLE_OBJC_ARC = YES;
				CLANG_ENABLE_OBJC_WEAK = YES;
				CLANG_WARN_BLOCK_CAPTURE_AUTORELEASING = YES;
				CLANG_WARN_BOOL_CONVERSION = YES;
				CLANG_WARN_COMMA = YES;
				CLANG_WARN_CONSTANT_CONVERSION = YES;
				CLANG_WARN_DEPRECATED_OBJC_IMPLEMENTATIONS = YES;
				CLANG_WARN_DIRECT_OBJC_ISA_USAGE = YES_ERROR;
				CLANG_WARN_DOCUMENTATION_COMMENTS = YES;
				CLANG_WARN_EMPTY_BODY = YES;
				CLANG_WARN_ENUM_CONVERSION = YES;
				CLANG_WARN_INFINITE_RECURSION = YES;
				CLANG_WARN_INT_CONVERSION = YES;
				CLANG_WARN_NON_LITERAL_NULL_CONVERSION = YES;
				CLANG_WARN_OBJC_IMPLICIT_RETAIN_SELF = YES;
				CLANG_WARN_OBJC_LITERAL_CONVERSION = YES;
				CLANG_WARN_OBJC_ROOT_CLASS = YES_ERROR;
				CLANG_WARN_QUOTED_INCLUDE_IN_FRAMEWORK_HEADER = YES;
				CLANG_WARN_RANGE_LOOP_ANALYSIS = YES;
				CLANG_WARN_STRICT_PROTOTYPES = YES;
				CLANG_WARN_SUSPICIOUS_MOVE = YES;
				CLANG_WARN_UNGUARDED_AVAILABILITY = YES_AGGRESSIVE;
				CLANG_WARN_UNREACHABLE_CODE = YES;
				CLANG_WARN__DUPLICATE_METHOD_MATCH = YES;
				COPY_PHASE_STRIP = NO;
				DEBUG_INFORMATION_FORMAT = dwarf;
				ENABLE_STRICT_OBJC_MSGSEND = YES;
				ENABLE_TESTABILITY = YES;
				GCC_C_LANGUAGE_STANDARD = gnu11;
				GCC_DYNAMIC_NO_PIC = NO;
				GCC_NO_COMMON_BLOCKS = YES;
				GCC_OPTIMIZATION_LEVEL = 0;
				GCC_PREPROCESSOR_DEFINITIONS = (
					"DEBUG=1",
					"$(inherited)",
				);
				GCC_WARN_64_TO_32_BIT_CONVERSION = YES;
				GCC_WARN_ABOUT_RETURN_TYPE = YES_ERROR;
				GCC_WARN_UNDECLARED_SELECTOR = YES;
				GCC_WARN_UNINITIALIZED_AUTOS = YES_AGGRESSIVE;
				GCC_WARN_UNUSED_FUNCTION = YES;
				GCC_WARN_UNUSED_VARIABLE = YES;
				IPHONEOS_DEPLOYMENT_TARGET = 16.4;
				MTL_ENABLE_DEBUG_INFO = INCLUDE_SOURCE;
				MTL_FAST_MATH = YES;
				ONLY_ACTIVE_ARCH = YES;
				SDKROOT = iphoneos;
				SWIFT_ACTIVE_COMPILATION_CONDITIONS = DEBUG;
				SWIFT_OPTIMIZATION_LEVEL = "-Onone";
			};
			name = Debug;
		};
		C0A4056F2A8226E000C7C1CE /* Release */ = {
			isa = XCBuildConfiguration;
			buildSettings = {
				ALWAYS_SEARCH_USER_PATHS = NO;
				CLANG_ANALYZER_NONNULL = YES;
				CLANG_ANALYZER_NUMBER_OBJECT_CONVERSION = YES_AGGRESSIVE;
				CLANG_CXX_LANGUAGE_STANDARD = "gnu++20";
				CLANG_ENABLE_MODULES = YES;
				CLANG_ENABLE_OBJC_ARC = YES;
				CLANG_ENABLE_OBJC_WEAK = YES;
				CLANG_WARN_BLOCK_CAPTURE_AUTORELEASING = YES;
				CLANG_WARN_BOOL_CONVERSION = YES;
				CLANG_WARN_COMMA = YES;
				CLANG_WARN_CONSTANT_CONVERSION = YES;
				CLANG_WARN_DEPRECATED_OBJC_IMPLEMENTATIONS = YES;
				CLANG_WARN_DIRECT_OBJC_ISA_USAGE = YES_ERROR;
				CLANG_WARN_DOCUMENTATION_COMMENTS = YES;
				CLANG_WARN_EMPTY_BODY = YES;
				CLANG_WARN_ENUM_CONVERSION = YES;
				CLANG_WARN_INFINITE_RECURSION = YES;
				CLANG_WARN_INT_CONVERSION = YES;
				CLANG_WARN_NON_LITERAL_NULL_CONVERSION = YES;
				CLANG_WARN_OBJC_IMPLICIT_RETAIN_SELF = YES;
				CLANG_WARN_OBJC_LITERAL_CONVERSION = YES;
				CLANG_WARN_OBJC_ROOT_CLASS = YES_ERROR;
				CLANG_WARN_QUOTED_INCLUDE_IN_FRAMEWORK_HEADER = YES;
				CLANG_WARN_RANGE_LOOP_ANALYSIS = YES;
				CLANG_WARN_STRICT_PROTOTYPES = YES;
				CLANG_WARN_SUSPICIOUS_MOVE = YES;
				CLANG_WARN_UNGUARDED_AVAILABILITY = YES_AGGRESSIVE;
				CLANG_WARN_UNREACHABLE_CODE = YES;
				CLANG_WARN__DUPLICATE_METHOD_MATCH = YES;
				COPY_PHASE_STRIP = NO;
				DEBUG_INFORMATION_FORMAT = "dwarf-with-dsym";
				ENABLE_NS_ASSERTIONS = NO;
				ENABLE_STRICT_OBJC_MSGSEND = YES;
				GCC_C_LANGUAGE_STANDARD = gnu11;
				GCC_NO_COMMON_BLOCKS = YES;
				GCC_WARN_64_TO_32_BIT_CONVERSION = YES;
				GCC_WARN_ABOUT_RETURN_TYPE = YES_ERROR;
				GCC_WARN_UNDECLARED_SELECTOR = YES;
				GCC_WARN_UNINITIALIZED_AUTOS = YES_AGGRESSIVE;
				GCC_WARN_UNUSED_FUNCTION = YES;
				GCC_WARN_UNUSED_VARIABLE = YES;
				IPHONEOS_DEPLOYMENT_TARGET = 16.4;
				MTL_ENABLE_DEBUG_INFO = NO;
				MTL_FAST_MATH = YES;
				SDKROOT = iphoneos;
				SWIFT_COMPILATION_MODE = wholemodule;
				SWIFT_OPTIMIZATION_LEVEL = "-O";
				VALIDATE_PRODUCT = YES;
			};
			name = Release;
		};
		C0A405712A8226E000C7C1CE /* Debug */ = {
			isa = XCBuildConfiguration;
			buildSettings = {
				ASSETCATALOG_COMPILER_APPICON_NAME = AppIcon;
				ASSETCATALOG_COMPILER_GLOBAL_ACCENT_COLOR_NAME = AccentColor;
				CODE_SIGN_STYLE = Automatic;
				CURRENT_PROJECT_VERSION = 1;
				DEVELOPMENT_TEAM = SV3K237PCX;
				GENERATE_INFOPLIST_FILE = YES;
				INFOPLIST_FILE = week4_assignment/Info.plist;
				INFOPLIST_KEY_UIApplicationSupportsIndirectInputEvents = YES;
				INFOPLIST_KEY_UILaunchStoryboardName = LaunchScreen;
				INFOPLIST_KEY_UIMainStoryboardFile = Main;
				INFOPLIST_KEY_UISupportedInterfaceOrientations_iPad = "UIInterfaceOrientationPortrait UIInterfaceOrientationPortraitUpsideDown UIInterfaceOrientationLandscapeLeft UIInterfaceOrientationLandscapeRight";
				INFOPLIST_KEY_UISupportedInterfaceOrientations_iPhone = "UIInterfaceOrientationPortrait UIInterfaceOrientationLandscapeLeft UIInterfaceOrientationLandscapeRight";
				LD_RUNPATH_SEARCH_PATHS = (
					"$(inherited)",
					"@executable_path/Frameworks",
				);
				MARKETING_VERSION = 1.0;
				PRODUCT_BUNDLE_IDENTIFIER = "com.study.week4-assignment";
				PRODUCT_NAME = "$(TARGET_NAME)";
				SWIFT_EMIT_LOC_STRINGS = YES;
				SWIFT_VERSION = 5.0;
				TARGETED_DEVICE_FAMILY = "1,2";
			};
			name = Debug;
		};
		C0A405722A8226E000C7C1CE /* Release */ = {
			isa = XCBuildConfiguration;
			buildSettings = {
				ASSETCATALOG_COMPILER_APPICON_NAME = AppIcon;
				ASSETCATALOG_COMPILER_GLOBAL_ACCENT_COLOR_NAME = AccentColor;
				CODE_SIGN_STYLE = Automatic;
				CURRENT_PROJECT_VERSION = 1;
				DEVELOPMENT_TEAM = SV3K237PCX;
				GENERATE_INFOPLIST_FILE = YES;
				INFOPLIST_FILE = week4_assignment/Info.plist;
				INFOPLIST_KEY_UIApplicationSupportsIndirectInputEvents = YES;
				INFOPLIST_KEY_UILaunchStoryboardName = LaunchScreen;
				INFOPLIST_KEY_UIMainStoryboardFile = Main;
				INFOPLIST_KEY_UISupportedInterfaceOrientations_iPad = "UIInterfaceOrientationPortrait UIInterfaceOrientationPortraitUpsideDown UIInterfaceOrientationLandscapeLeft UIInterfaceOrientationLandscapeRight";
				INFOPLIST_KEY_UISupportedInterfaceOrientations_iPhone = "UIInterfaceOrientationPortrait UIInterfaceOrientationLandscapeLeft UIInterfaceOrientationLandscapeRight";
				LD_RUNPATH_SEARCH_PATHS = (
					"$(inherited)",
					"@executable_path/Frameworks",
				);
				MARKETING_VERSION = 1.0;
				PRODUCT_BUNDLE_IDENTIFIER = "com.study.week4-assignment";
				PRODUCT_NAME = "$(TARGET_NAME)";
				SWIFT_EMIT_LOC_STRINGS = YES;
				SWIFT_VERSION = 5.0;
				TARGETED_DEVICE_FAMILY = "1,2";
			};
			name = Release;
		};
/* End XCBuildConfiguration section */

/* Begin XCConfigurationList section */
		C0A405572A8226DF00C7C1CE /* Build configuration list for PBXProject "week4_assignment" */ = {
			isa = XCConfigurationList;
			buildConfigurations = (
				C0A4056E2A8226E000C7C1CE /* Debug */,
				C0A4056F2A8226E000C7C1CE /* Release */,
			);
			defaultConfigurationIsVisible = 0;
			defaultConfigurationName = Release;
		};
		C0A405702A8226E000C7C1CE /* Build configuration list for PBXNativeTarget "week4_assignment" */ = {
			isa = XCConfigurationList;
			buildConfigurations = (
				C0A405712A8226E000C7C1CE /* Debug */,
				C0A405722A8226E000C7C1CE /* Release */,
			);
			defaultConfigurationIsVisible = 0;
			defaultConfigurationName = Release;
		};
/* End XCConfigurationList section */

/* Begin XCRemoteSwiftPackageReference section */
		C0A405732A82282C00C7C1CE /* XCRemoteSwiftPackageReference "Alamofire" */ = {
			isa = XCRemoteSwiftPackageReference;
			repositoryURL = "https://github.com/Alamofire/Alamofire.git";
			requirement = {
				kind = upToNextMajorVersion;
				minimumVersion = 5.0.0;
			};
		};
		C0A405762A82283A00C7C1CE /* XCRemoteSwiftPackageReference "SwiftyJSON" */ = {
			isa = XCRemoteSwiftPackageReference;
			repositoryURL = "https://github.com/SwiftyJSON/SwiftyJSON.git";
			requirement = {
				kind = upToNextMajorVersion;
				minimumVersion = 5.0.0;
			};
		};
		C0A405792A82284B00C7C1CE /* XCRemoteSwiftPackageReference "Kingfisher" */ = {
			isa = XCRemoteSwiftPackageReference;
			repositoryURL = "https://github.com/onevcat/Kingfisher.git";
			requirement = {
				kind = upToNextMajorVersion;
				minimumVersion = 7.0.0;
			};
		};
/* End XCRemoteSwiftPackageReference section */

/* Begin XCSwiftPackageProductDependency section */
		C0A405742A82282C00C7C1CE /* Alamofire */ = {
			isa = XCSwiftPackageProductDependency;
			package = C0A405732A82282C00C7C1CE /* XCRemoteSwiftPackageReference "Alamofire" */;
			productName = Alamofire;
		};
		C0A405772A82283A00C7C1CE /* SwiftyJSON */ = {
			isa = XCSwiftPackageProductDependency;
			package = C0A405762A82283A00C7C1CE /* XCRemoteSwiftPackageReference "SwiftyJSON" */;
			productName = SwiftyJSON;
		};
		C0A4057A2A82284B00C7C1CE /* Kingfisher */ = {
			isa = XCSwiftPackageProductDependency;
			package = C0A405792A82284B00C7C1CE /* XCRemoteSwiftPackageReference "Kingfisher" */;
			productName = Kingfisher;
		};
/* End XCSwiftPackageProductDependency section */
	};
	rootObject = C0A405542A8226DF00C7C1CE /* Project object */;
}
